Microsoft Visual Studio Solution File, Format Version 12.00
# Visual Studio Version 17
VisualStudioVersion = 17.5.2.0
MinimumVisualStudioVersion = 10.0.40219.1
Project("{FAE04EC0-301F-11D3-BF4B-00C04F79EFBC}") = "AlgoTradingExp", "AlgoTradingExp.csproj", "{D495F64B-8E70-2CE1-6170-10B7C57262E2}"
EndProject
Global
	GlobalSection(SolutionConfigurationPlatforms) = preSolution
		Debug|Any CPU = Debug|Any CPU
		Release|Any CPU = Release|Any CPU
	EndGlobalSection
	GlobalSection(ProjectConfigurationPlatforms) = postSolution
		{D495F64B-8E70-2CE1-6170-10B7C57262E2}.Debug|Any CPU.ActiveCfg = Debug|Any CPU
		{D495F64B-8E70-2CE1-6170-10B7C57262E2}.Debug|Any CPU.Build.0 = Debug|Any CPU
		{D495F64B-8E70-2CE1-6170-10B7C57262E2}.Release|Any CPU.ActiveCfg = Release|Any CPU
		{D495F64B-8E70-2CE1-6170-10B7C57262E2}.Release|Any CPU.Build.0 = Release|Any CPU
	EndGlobalSection
	GlobalSection(SolutionProperties) = preSolution
		HideSolutionNode = FALSE
	EndGlobalSection
	GlobalSection(ExtensibilityGlobals) = postSolution
		SolutionGuid = {CC05B439-319F-44D1-8F19-762D6B0B3AAF}
	EndGlobalSection
EndGlobal
